// !$*UTF8*$!
{
	archiveVersion = 1;
	classes = {
	};
	objectVersion = 46;
	objects = {

/* Begin PBXBuildFile section */
		B86D83AA1BE9367300192FD7 /* AppDelegate.swift in Sources */ = {isa = PBXBuildFile; fileRef = B86D83A91BE9367300192FD7 /* AppDelegate.swift */; };
		B86D83AC1BE9367300192FD7 /* ViewController.swift in Sources */ = {isa = PBXBuildFile; fileRef = B86D83AB1BE9367300192FD7 /* ViewController.swift */; };
		B86D83AF1BE9367300192FD7 /* Main.storyboard in Resources */ = {isa = PBXBuildFile; fileRef = B86D83AD1BE9367300192FD7 /* Main.storyboard */; };
		B86D83B21BE9367300192FD7 /* CandyAnalyzer.xcdatamodeld in Sources */ = {isa = PBXBuildFile; fileRef = B86D83B01BE9367300192FD7 /* CandyAnalyzer.xcdatamodeld */; };
		B86D83B41BE9367300192FD7 /* Assets.xcassets in Resources */ = {isa = PBXBuildFile; fileRef = B86D83B31BE9367300192FD7 /* Assets.xcassets */; };
		B86D83B71BE9367300192FD7 /* LaunchScreen.storyboard in Resources */ = {isa = PBXBuildFile; fileRef = B86D83B51BE9367300192FD7 /* LaunchScreen.storyboard */; };
/* End PBXBuildFile section */

/* Begin PBXFileReference section */
		B86D83A61BE9367300192FD7 /* CandyAnalyzer.app */ = {isa = PBXFileReference; explicitFileType = wrapper.application; includeInIndex = 0; path = CandyAnalyzer.app; sourceTree = BUILT_PRODUCTS_DIR; };
		B86D83A91BE9367300192FD7 /* AppDelegate.swift */ = {isa = PBXFileReference; lastKnownFileType = sourcecode.swift; path = AppDelegate.swift; sourceTree = "<group>"; };
		B86D83AB1BE9367300192FD7 /* ViewController.swift */ = {isa = PBXFileReference; lastKnownFileType = sourcecode.swift; path = ViewController.swift; sourceTree = "<group>"; };
		B86D83AE1BE9367300192FD7 /* Base */ = {isa = PBXFileReference; lastKnownFileType = file.storyboard; name = Base; path = Base.lproj/Main.storyboard; sourceTree = "<group>"; };
		B86D83B11BE9367300192FD7 /* CandyAnalyzer.xcdatamodel */ = {isa = PBXFileReference; lastKnownFileType = wrapper.xcdatamodel; path = CandyAnalyzer.xcdatamodel; sourceTree = "<group>"; };
		B86D83B31BE9367300192FD7 /* Assets.xcassets */ = {isa = PBXFileReference; lastKnownFileType = folder.assetcatalog; path = Assets.xcassets; sourceTree = "<group>"; };
		B86D83B61BE9367300192FD7 /* Base */ = {isa = PBXFileReference; lastKnownFileType = file.storyboard; name = Base; path = Base.lproj/LaunchScreen.storyboard; sourceTree = "<group>"; };
		B86D83B81BE9367300192FD7 /* Info.plist */ = {isa = PBXFileReference; lastKnownFileType = text.plist.xml; path = Info.plist; sourceTree = "<group>"; };
/* End PBXFileReference section */

/* Begin PBXFrameworksBuildPhase section */
		B86D83A31BE9367300192FD7 /* Frameworks */ = {
			isa = PBXFrameworksBuildPhase;
			buildActionMask = 2147483647;
			files = (
			);
			runOnlyForDeploymentPostprocessing = 0;
		};
/* End PBXFrameworksBuildPhase section */

/* Begin PBXGroup section */
		B86D839D1BE9367300192FD7 = {
			isa = PBXGroup;
			children = (
				B86D83A81BE9367300192FD7 /* CandyAnalyzer */,
				B86D83A71BE9367300192FD7 /* Products */,
			);
			sourceTree = "<group>";
		};
		B86D83A71BE9367300192FD7 /* Products */ = {
			isa = PBXGroup;
			children = (
				B86D83A61BE9367300192FD7 /* CandyAnalyzer.app */,
			);
			name = Products;
			sourceTree = "<group>";
		};
		B86D83A81BE9367300192FD7 /* CandyAnalyzer */ = {
			isa = PBXGroup;
			children = (
				B86D83A91BE9367300192FD7 /* AppDelegate.swift */,
				B86D83AB1BE9367300192FD7 /* ViewController.swift */,
				B86D83AD1BE9367300192FD7 /* Main.storyboard */,
				B86D83B31BE9367300192FD7 /* Assets.xcassets */,
				B86D83B51BE9367300192FD7 /* LaunchScreen.storyboard */,
				B86D83B81BE9367300192FD7 /* Info.plist */,
				B86D83B01BE9367300192FD7 /* CandyAnalyzer.xcdatamodeld */,
			);
			path = CandyAnalyzer;
			sourceTree = "<group>";
		};
/* End PBXGroup section */

/* Begin PBXNativeTarget section */
		B86D83A51BE9367300192FD7 /* CandyAnalyzer */ = {
			isa = PBXNativeTarget;
			buildConfigurationList = B86D83BB1BE9367300192FD7 /* Build configuration list for PBXNativeTarget "CandyAnalyzer" */;
			buildPhases = (
				B86D83A21BE9367300192FD7 /* Sources */,
				B86D83A31BE9367300192FD7 /* Frameworks */,
				B86D83A41BE9367300192FD7 /* Resources */,
			);
			buildRules = (
			);
			dependencies = (
			);
			name = CandyAnalyzer;
			productName = CandyAnalyzer;
			productReference = B86D83A61BE9367300192FD7 /* CandyAnalyzer.app */;
			productType = "com.apple.product-type.application";
		};
/* End PBXNativeTarget section */

/* Begin PBXProject section */
		B86D839E1BE9367300192FD7 /* Project object */ = {
			isa = PBXProject;
			attributes = {
				LastSwiftUpdateCheck = 0710;
				LastUpgradeCheck = 0710;
				ORGANIZATIONNAME = "Justin Loew";
				TargetAttributes = {
					B86D83A51BE9367300192FD7 = {
						CreatedOnToolsVersion = 7.1;
					};
				};
			};
			buildConfigurationList = B86D83A11BE9367300192FD7 /* Build configuration list for PBXProject "CandyAnalyzer" */;
			compatibilityVersion = "Xcode 3.2";
			developmentRegion = English;
			hasScannedForEncodings = 0;
			knownRegions = (
				en,
				Base,
			);
			mainGroup = B86D839D1BE9367300192FD7;
			productRefGroup = B86D83A71BE9367300192FD7 /* Products */;
			projectDirPath = "";
			projectRoot = "";
			targets = (
				B86D83A51BE9367300192FD7 /* CandyAnalyzer */,
			);
		};
/* End PBXProject section */

/* Begin PBXResourcesBuildPhase section */
		B86D83A41BE9367300192FD7 /* Resources */ = {
			isa = PBXResourcesBuildPhase;
			buildActionMask = 2147483647;
			files = (
				B86D83B71BE9367300192FD7 /* LaunchScreen.storyboard in Resources */,
				B86D83B41BE9367300192FD7 /* Assets.xcassets in Resources */,
				B86D83AF1BE9367300192FD7 /* Main.storyboard in Resources */,
			);
			runOnlyForDeploymentPostprocessing = 0;
		};
/* End PBXResourcesBuildPhase section */

/* Begin PBXSourcesBuildPhase section */
		B86D83A21BE9367300192FD7 /* Sources */ = {
			isa = PBXSourcesBuildPhase;
			buildActionMask = 2147483647;
			files = (
				B86D83AC1BE9367300192FD7 /* ViewController.swift in Sources */,
				B86D83AA1BE9367300192FD7 /* AppDelegate.swift in Sources */,
				B86D83B21BE9367300192FD7 /* CandyAnalyzer.xcdatamodeld in Sources */,
			);
			runOnlyForDeploymentPostprocessing = 0;
		};
/* End PBXSourcesBuildPhase section */

/* Begin PBXVariantGroup section */
		B86D83AD1BE9367300192FD7 /* Main.storyboard */ = {
			isa = PBXVariantGroup;
			children = (
				B86D83AE1BE9367300192FD7 /* Base */,
			);
			name = Main.storyboard;
			sourceTree = "<group>";
		};
		B86D83B51BE9367300192FD7 /* LaunchScreen.storyboard */ = {
			isa = PBXVariantGroup;
			children = (
				B86D83B61BE9367300192FD7 /* Base */,
			);
			name = LaunchScreen.storyboard;
			sourceTree = "<group>";
		};
/* End PBXVariantGroup section */

/* Begin XCBuildConfiguration section */
		B86D83B91BE9367300192FD7 /* Debug */ = {
			isa = XCBuildConfiguration;
			buildSettings = {
				ALWAYS_SEARCH_USER_PATHS = NO;
				CLANG_CXX_LANGUAGE_STANDARD = "gnu++0x";
				CLANG_CXX_LIBRARY = "libc++";
				CLANG_ENABLE_MODULES = YES;
				CLANG_ENABLE_OBJC_ARC = YES;
				CLANG_WARN_BOOL_CONVERSION = YES;
				CLANG_WARN_CONSTANT_CONVERSION = YES;
				CLANG_WARN_DIRECT_OBJC_ISA_USAGE = YES_ERROR;
				CLANG_WARN_EMPTY_BODY = YES;
				CLANG_WARN_ENUM_CONVERSION = YES;
				CLANG_WARN_INT_CONVERSION = YES;
				CLANG_WARN_OBJC_ROOT_CLASS = YES_ERROR;
				CLANG_WARN_UNREACHABLE_CODE = YES;
				CLANG_WARN__DUPLICATE_METHOD_MATCH = YES;
				"CODE_SIGN_IDENTITY[sdk=iphoneos*]" = "iPhone Developer";
				COPY_PHASE_STRIP = NO;
				DEBUG_INFORMATION_FORMAT = dwarf;
				ENABLE_STRICT_OBJC_MSGSEND = YES;
				ENABLE_TESTABILITY = YES;
				GCC_C_LANGUAGE_STANDARD = gnu99;
				GCC_DYNAMIC_NO_PIC = NO;
				GCC_NO_COMMON_BLOCKS = YES;
				GCC_OPTIMIZATION_LEVEL = 0;
				GCC_PREPROCESSOR_DEFINITIONS = (
					"DEBUG=1",
					"$(inherited)",
				);
				GCC_WARN_64_TO_32_BIT_CONVERSION = YES;
				GCC_WARN_ABOUT_RETURN_TYPE = YES_ERROR;
				GCC_WARN_UNDECLARED_SELECTOR = YES;
				GCC_WARN_UNINITIALIZED_AUTOS = YES_AGGRESSIVE;
				GCC_WARN_UNUSED_FUNCTION = YES;
				GCC_WARN_UNUSED_VARIABLE = YES;
				IPHONEOS_DEPLOYMENT_TARGET = 9.1;
				MTL_ENABLE_DEBUG_INFO = YES;
				ONLY_ACTIVE_ARCH = YES;
				SDKROOT = iphoneos;
				SWIFT_OPTIMIZATION_LEVEL = "-Onone";
			};
			name = Debug;
		};
		B86D83BA1BE9367300192FD7 /* Release */ = {
			isa = XCBuildConfiguration;
			buildSettings = {
				ALWAYS_SEARCH_USER_PATHS = NO;
				CLANG_CXX_LANGUAGE_STANDARD = "gnu++0x";
				CLANG_CXX_LIBRARY = "libc++";
				CLANG_ENABLE_MODULES = YES;
				CLANG_ENABLE_OBJC_ARC = YES;
				CLANG_WARN_BOOL_CONVERSION = YES;
				CLANG_WARN_CONSTANT_CONVERSION = YES;
				CLANG_WARN_DIRECT_OBJC_ISA_USAGE = YES_ERROR;
				CLANG_WARN_EMPTY_BODY = YES;
				CLANG_WARN_ENUM_CONVERSION = YES;
				CLANG_WARN_INT_CONVERSION = YES;
				CLANG_WARN_OBJC_ROOT_CLASS = YES_ERROR;
				CLANG_WARN_UNREACHABLE_CODE = YES;
				CLANG_WARN__DUPLICATE_METHOD_MATCH = YES;
				"CODE_SIGN_IDENTITY[sdk=iphoneos*]" = "iPhone Developer";
				COPY_PHASE_STRIP = NO;
				DEBUG_INFORMATION_FORMAT = "dwarf-with-dsym";
				ENABLE_NS_ASSERTIONS = NO;
				ENABLE_STRICT_OBJC_MSGSEND = YES;
				GCC_C_LANGUAGE_STANDARD = gnu99;
				GCC_NO_COMMON_BLOCKS = YES;
				GCC_WARN_64_TO_32_BIT_CONVERSION = YES;
				GCC_WARN_ABOUT_RETURN_TYPE = YES_ERROR;
				GCC_WARN_UNDECLARED_SELECTOR = YES;
				GCC_WARN_UNINITIALIZED_AUTOS = YES_AGGRESSIVE;
				GCC_WARN_UNUSED_FUNCTION = YES;
				GCC_WARN_UNUSED_VARIABLE = YES;
				IPHONEOS_DEPLOYMENT_TARGET = 9.1;
				MTL_ENABLE_DEBUG_INFO = NO;
				SDKROOT = iphoneos;
				VALIDATE_PRODUCT = YES;
			};
			name = Release;
		};
		B86D83BC1BE9367300192FD7 /* Debug */ = {
			isa = XCBuildConfiguration;
			buildSettings = {
				ASSETCATALOG_COMPILER_APPICON_NAME = AppIcon;
				INFOPLIST_FILE = CandyAnalyzer/Info.plist;
				LD_RUNPATH_SEARCH_PATHS = "$(inherited) @executable_path/Frameworks";
				PRODUCT_BUNDLE_IDENTIFIER = com.justinloew.CandyAnalyzer;
				PRODUCT_NAME = "$(TARGET_NAME)";
			};
			name = Debug;
		};
		B86D83BD1BE9367300192FD7 /* Release */ = {
			isa = XCBuildConfiguration;
			buildSettings = {
				ASSETCATALOG_COMPILER_APPICON_NAME = AppIcon;
				INFOPLIST_FILE = CandyAnalyzer/Info.plist;
				LD_RUNPATH_SEARCH_PATHS = "$(inherited) @executable_path/Frameworks";
				PRODUCT_BUNDLE_IDENTIFIER = com.justinloew.CandyAnalyzer;
				PRODUCT_NAME = "$(TARGET_NAME)";
			};
			name = Release;
		};
/* End XCBuildConfiguration section */

/* Begin XCConfigurationList section */
		B86D83A11BE9367300192FD7 /* Build configuration list for PBXProject "CandyAnalyzer" */ = {
			isa = XCConfigurationList;
			buildConfigurations = (
				B86D83B91BE9367300192FD7 /* Debug */,
				B86D83BA1BE9367300192FD7 /* Release */,
			);
			defaultConfigurationIsVisible = 0;
			defaultConfigurationName = Release;
		};
		B86D83BB1BE9367300192FD7 /* Build configuration list for PBXNativeTarget "CandyAnalyzer" */ = {
			isa = XCConfigurationList;
			buildConfigurations = (
				B86D83BC1BE9367300192FD7 /* Debug */,
				B86D83BD1BE9367300192FD7 /* Release */,
			);
			defaultConfigurationIsVisible = 0;
		};
/* End XCConfigurationList section */

/* Begin XCVersionGroup section */
		B86D83B01BE9367300192FD7 /* CandyAnalyzer.xcdatamodeld */ = {
			isa = XCVersionGroup;
			children = (
				B86D83B11BE9367300192FD7 /* CandyAnalyzer.xcdatamodel */,
			);
			currentVersion = B86D83B11BE9367300192FD7 /* CandyAnalyzer.xcdatamodel */;
			path = CandyAnalyzer.xcdatamodeld;
			sourceTree = "<group>";
			versionGroupType = wrapper.xcdatamodel;
		};
/* End XCVersionGroup section */
	};
	rootObject = B86D839E1BE9367300192FD7 /* Project object */;
}
